
Microsoft Visual Studio Solution File, Format Version 12.00
# Visual Studio Version 17
VisualStudioVersion = 17.0.31903.59
MinimumVisualStudioVersion = 10.0.40219.1
Project("{FAE04EC0-301F-11D3-BF4B-00C04F79EFBC}") = "Adapter", "Adapter\Adapter.csproj", "{782EF761-AC5F-41CA-B40D-E88F3AE4573E}"
EndProject
Project("{FAE04EC0-301F-11D3-BF4B-00C04F79EFBC}") = "FactoryMethod", "FactoryMethod\FactoryMethod.csproj", "{CEC1AF5C-C2B9-4D39-BEA6-1B6165B8F556}"
EndProject
Project("{FAE04EC0-301F-11D3-BF4B-00C04F79EFBC}") = "AbstractFactory", "AbstractFactory\AbstractFactory.csproj", "{E18F9F38-21D7-42E4-8F4E-830D4B6DCBEA}"
EndProject
Project("{FAE04EC0-301F-11D3-BF4B-00C04F79EFBC}") = "Observer", "Observer\Observer.csproj", "{BCBF8AAD-F1EF-4A7B-A385-637A7AD98065}"
EndProject
Project("{2150E333-8FDC-42A3-9474-1A3956D46DE8}") = "UnitTest", "UnitTest", "{7CEFAAD0-BD4D-4E64-9910-55E2BD646C62}"
EndProject
Project("{FAE04EC0-301F-11D3-BF4B-00C04F79EFBC}") = "Operation.Test", "UnitTest\Operation.Test\Operation.Test.csproj", "{613D660E-CB25-47E3-8A09-6FE8FDCA11B8}"
EndProject
Project("{FAE04EC0-301F-11D3-BF4B-00C04F79EFBC}") = "Operation", "UnitTest\Operation\Operation.csproj", "{5F25D313-37FA-468C-A14C-EC74A37BCF2B}"
EndProject
Project("{FAE04EC0-301F-11D3-BF4B-00C04F79EFBC}") = "ChainOfResponsibility", "ChainOfResponsibility\ChainOfResponsibility.csproj", "{FE932BE2-5A31-4444-BC6A-0E8FA661FE07}"
EndProject
Project("{FAE04EC0-301F-11D3-BF4B-00C04F79EFBC}") = "FacadeDesignPattern", "FacadeDesignPattern\FacadeDesignPattern.csproj", "{1D673CA5-4B24-4725-A3D9-EA1F4156B401}"
EndProject
Global
	GlobalSection(SolutionConfigurationPlatforms) = preSolution
		Debug|Any CPU = Debug|Any CPU
		Release|Any CPU = Release|Any CPU
	EndGlobalSection
	GlobalSection(SolutionProperties) = preSolution
		HideSolutionNode = FALSE
	EndGlobalSection
	GlobalSection(ProjectConfigurationPlatforms) = postSolution
		{782EF761-AC5F-41CA-B40D-E88F3AE4573E}.Debug|Any CPU.ActiveCfg = Debug|Any CPU
		{782EF761-AC5F-41CA-B40D-E88F3AE4573E}.Debug|Any CPU.Build.0 = Debug|Any CPU
		{782EF761-AC5F-41CA-B40D-E88F3AE4573E}.Release|Any CPU.ActiveCfg = Release|Any CPU
		{782EF761-AC5F-41CA-B40D-E88F3AE4573E}.Release|Any CPU.Build.0 = Release|Any CPU
		{CEC1AF5C-C2B9-4D39-BEA6-1B6165B8F556}.Debug|Any CPU.ActiveCfg = Debug|Any CPU
		{CEC1AF5C-C2B9-4D39-BEA6-1B6165B8F556}.Debug|Any CPU.Build.0 = Debug|Any CPU
		{CEC1AF5C-C2B9-4D39-BEA6-1B6165B8F556}.Release|Any CPU.ActiveCfg = Release|Any CPU
		{CEC1AF5C-C2B9-4D39-BEA6-1B6165B8F556}.Release|Any CPU.Build.0 = Release|Any CPU
		{E18F9F38-21D7-42E4-8F4E-830D4B6DCBEA}.Debug|Any CPU.ActiveCfg = Debug|Any CPU
		{E18F9F38-21D7-42E4-8F4E-830D4B6DCBEA}.Debug|Any CPU.Build.0 = Debug|Any CPU
		{E18F9F38-21D7-42E4-8F4E-830D4B6DCBEA}.Release|Any CPU.ActiveCfg = Release|Any CPU
		{E18F9F38-21D7-42E4-8F4E-830D4B6DCBEA}.Release|Any CPU.Build.0 = Release|Any CPU
		{BCBF8AAD-F1EF-4A7B-A385-637A7AD98065}.Debug|Any CPU.ActiveCfg = Debug|Any CPU
		{BCBF8AAD-F1EF-4A7B-A385-637A7AD98065}.Debug|Any CPU.Build.0 = Debug|Any CPU
		{BCBF8AAD-F1EF-4A7B-A385-637A7AD98065}.Release|Any CPU.ActiveCfg = Release|Any CPU
		{BCBF8AAD-F1EF-4A7B-A385-637A7AD98065}.Release|Any CPU.Build.0 = Release|Any CPU
		{613D660E-CB25-47E3-8A09-6FE8FDCA11B8}.Debug|Any CPU.ActiveCfg = Debug|Any CPU
		{613D660E-CB25-47E3-8A09-6FE8FDCA11B8}.Debug|Any CPU.Build.0 = Debug|Any CPU
		{613D660E-CB25-47E3-8A09-6FE8FDCA11B8}.Release|Any CPU.ActiveCfg = Release|Any CPU
		{613D660E-CB25-47E3-8A09-6FE8FDCA11B8}.Release|Any CPU.Build.0 = Release|Any CPU
		{5F25D313-37FA-468C-A14C-EC74A37BCF2B}.Debug|Any CPU.ActiveCfg = Debug|Any CPU
		{5F25D313-37FA-468C-A14C-EC74A37BCF2B}.Debug|Any CPU.Build.0 = Debug|Any CPU
		{5F25D313-37FA-468C-A14C-EC74A37BCF2B}.Release|Any CPU.ActiveCfg = Release|Any CPU
		{5F25D313-37FA-468C-A14C-EC74A37BCF2B}.Release|Any CPU.Build.0 = Release|Any CPU
		{FE932BE2-5A31-4444-BC6A-0E8FA661FE07}.Debug|Any CPU.ActiveCfg = Debug|Any CPU
		{FE932BE2-5A31-4444-BC6A-0E8FA661FE07}.Debug|Any CPU.Build.0 = Debug|Any CPU
		{FE932BE2-5A31-4444-BC6A-0E8FA661FE07}.Release|Any CPU.ActiveCfg = Release|Any CPU
		{FE932BE2-5A31-4444-BC6A-0E8FA661FE07}.Release|Any CPU.Build.0 = Release|Any CPU
		{1D673CA5-4B24-4725-A3D9-EA1F4156B401}.Debug|Any CPU.ActiveCfg = Debug|Any CPU
		{1D673CA5-4B24-4725-A3D9-EA1F4156B401}.Debug|Any CPU.Build.0 = Debug|Any CPU
		{1D673CA5-4B24-4725-A3D9-EA1F4156B401}.Release|Any CPU.ActiveCfg = Release|Any CPU
		{1D673CA5-4B24-4725-A3D9-EA1F4156B401}.Release|Any CPU.Build.0 = Release|Any CPU
	EndGlobalSection
	GlobalSection(NestedProjects) = preSolution
		{613D660E-CB25-47E3-8A09-6FE8FDCA11B8} = {7CEFAAD0-BD4D-4E64-9910-55E2BD646C62}
		{5F25D313-37FA-468C-A14C-EC74A37BCF2B} = {7CEFAAD0-BD4D-4E64-9910-55E2BD646C62}
	EndGlobalSection
EndGlobal
